
Microsoft Visual Studio Solution File, Format Version 12.00
# Visual Studio Version 17
VisualStudioVersion = 17.8.34525.116
MinimumVisualStudioVersion = 10.0.40219.1
Project("{FAE04EC0-301F-11D3-BF4B-00C04F79EFBC}") = "ClothesBG", "ClothesBG.csproj", "{78804263-F05E-478A-9917-23E0C0C92928}"
EndProject
Global
	GlobalSection(SolutionConfigurationPlatforms) = preSolution
		Debug|Any CPU = Debug|Any CPU
		Release|Any CPU = Release|Any CPU
	EndGlobalSection
	GlobalSection(ProjectConfigurationPlatforms) = postSolution
		{78804263-F05E-478A-9917-23E0C0C92928}.Debug|Any CPU.ActiveCfg = Debug|Any CPU
		{78804263-F05E-478A-9917-23E0C0C92928}.Debug|Any CPU.Build.0 = Debug|Any CPU
		{78804263-F05E-478A-9917-23E0C0C92928}.Release|Any CPU.ActiveCfg = Release|Any CPU
		{78804263-F05E-478A-9917-23E0C0C92928}.Release|Any CPU.Build.0 = Release|Any CPU
	EndGlobalSection
	GlobalSection(SolutionProperties) = preSolution
		HideSolutionNode = FALSE
	EndGlobalSection
	GlobalSection(ExtensibilityGlobals) = postSolution
		SolutionGuid = {E00DB1EF-4A96-4E93-9F59-CC219131F4C5}
	EndGlobalSection
EndGlobal
